
Microsoft Visual Studio Solution File, Format Version 12.00
# Visual Studio 15
VisualStudioVersion = 15.0.27004.2006
MinimumVisualStudioVersion = 10.0.40219.1
Project("{888888A0-9F3D-457C-B088-3A5042F75D52}") = "ADB", "ADB\ADB.pyproj", "{B0C9DA3C-F528-403F-BF52-A810ABC0AF23}"
EndProject
Global
	GlobalSection(SolutionConfigurationPlatforms) = preSolution
		Debug|Any CPU = Debug|Any CPU
		Release|Any CPU = Release|Any CPU
	EndGlobalSection
	GlobalSection(ProjectConfigurationPlatforms) = postSolution
		{B0C9DA3C-F528-403F-BF52-A810ABC0AF23}.Debug|Any CPU.ActiveCfg = Debug|Any CPU
		{B0C9DA3C-F528-403F-BF52-A810ABC0AF23}.Release|Any CPU.ActiveCfg = Release|Any CPU
	EndGlobalSection
	GlobalSection(SolutionProperties) = preSolution
		HideSolutionNode = FALSE
	EndGlobalSection
	GlobalSection(ExtensibilityGlobals) = postSolution
		SolutionGuid = {49B07285-0AA1-4AA8-8284-6335166EBD9A}
	EndGlobalSection
EndGlobal
